%{
  "earmark": {:hex, :earmark, "1.4.35", "e067aab15367c6e43230d6a7409c5230403a48b56f7dcefb3abdad75b498289e", [:mix], [{:earmark_parser, "~> 1.4.30", [hex: :earmark_parser, repo: "hexpm", optional: false]}], "hexpm", "ab869cad78ebe64a62d45ee31addc52fb703c5d595868c9aa11ca38766ff9756"},
  "earmark_parser": {:hex, :earmark_parser, "1.4.30", "0b938aa5b9bafd455056440cdaa2a79197ca5e693830b4a982beada840513c5f", [:mix], [], "hexpm", "3b5385c2d36b0473d0b206927b841343d25adb14f95f0110062506b300cd5a1b"},
  "poison": {:hex, :poison, "5.0.0", "d2b54589ab4157bbb82ec2050757779bfed724463a544b6e20d79855a9e43b24", [:mix], [{:decimal, "~> 2.0", [hex: :decimal, repo: "hexpm", optional: true]}], "hexpm", "11dc6117c501b80c62a7594f941d043982a1bd05a1184280c0d9166eb4d8d3fc"},
}
